// !$*UTF8*$!
{
	archiveVersion = 1;
	classes = {
	};
	objectVersion = 51;
	objects = {

/* Begin PBXBuildFile section */
		0491AE85E43ACE397D53B566 /* Pods_CrudRealm.framework in Frameworks */ = {isa = PBXBuildFile; fileRef = 63BD1721CAEAA715BA0963D8 /* Pods_CrudRealm.framework */; };
		1BEA7DC72329654900B13140 /* AppDelegate.swift in Sources */ = {isa = PBXBuildFile; fileRef = 1BEA7DC62329654900B13140 /* AppDelegate.swift */; };
		1BEA7DC92329654900B13140 /* ViewController.swift in Sources */ = {isa = PBXBuildFile; fileRef = 1BEA7DC82329654900B13140 /* ViewController.swift */; };
		1BEA7DCC2329654900B13140 /* Main.storyboard in Resources */ = {isa = PBXBuildFile; fileRef = 1BEA7DCA2329654900B13140 /* Main.storyboard */; };
		1BEA7DCE2329655200B13140 /* Assets.xcassets in Resources */ = {isa = PBXBuildFile; fileRef = 1BEA7DCD2329655200B13140 /* Assets.xcassets */; };
		1BEA7DD12329655200B13140 /* LaunchScreen.storyboard in Resources */ = {isa = PBXBuildFile; fileRef = 1BEA7DCF2329655200B13140 /* LaunchScreen.storyboard */; };
		1BEA7DDC2329655200B13140 /* CrudRealmTests.swift in Sources */ = {isa = PBXBuildFile; fileRef = 1BEA7DDB2329655200B13140 /* CrudRealmTests.swift */; };
		1BEA7DE7232967B800B13140 /* Person.swift in Sources */ = {isa = PBXBuildFile; fileRef = 1BEA7DE6232967B800B13140 /* Person.swift */; };
		1BEA7DEA232970E500B13140 /* View.swift in Sources */ = {isa = PBXBuildFile; fileRef = 1BEA7DE9232970E500B13140 /* View.swift */; };
		ADE06156B7AD8DD8C456927F /* Pods_CrudRealmTests.framework in Frameworks */ = {isa = PBXBuildFile; fileRef = 70AAA5ABDB6B4E5B685C5D17 /* Pods_CrudRealmTests.framework */; };
/* End PBXBuildFile section */

/* Begin PBXContainerItemProxy section */
		1BEA7DD82329655200B13140 /* PBXContainerItemProxy */ = {
			isa = PBXContainerItemProxy;
			containerPortal = 1BEA7DBB2329654900B13140 /* Project object */;
			proxyType = 1;
			remoteGlobalIDString = 1BEA7DC22329654900B13140;
			remoteInfo = CrudRealm;
		};
/* End PBXContainerItemProxy section */

/* Begin PBXFileReference section */
		1BEA7DC32329654900B13140 /* CrudRealm.app */ = {isa = PBXFileReference; explicitFileType = wrapper.application; includeInIndex = 0; path = CrudRealm.app; sourceTree = BUILT_PRODUCTS_DIR; };
		1BEA7DC62329654900B13140 /* AppDelegate.swift */ = {isa = PBXFileReference; lastKnownFileType = sourcecode.swift; path = AppDelegate.swift; sourceTree = "<group>"; };
		1BEA7DC82329654900B13140 /* ViewController.swift */ = {isa = PBXFileReference; lastKnownFileType = sourcecode.swift; path = ViewController.swift; sourceTree = "<group>"; };
		1BEA7DCB2329654900B13140 /* Base */ = {isa = PBXFileReference; lastKnownFileType = file.storyboard; name = Base; path = Base.lproj/Main.storyboard; sourceTree = "<group>"; };
		1BEA7DCD2329655200B13140 /* Assets.xcassets */ = {isa = PBXFileReference; lastKnownFileType = folder.assetcatalog; path = Assets.xcassets; sourceTree = "<group>"; };
		1BEA7DD02329655200B13140 /* Base */ = {isa = PBXFileReference; lastKnownFileType = file.storyboard; name = Base; path = Base.lproj/LaunchScreen.storyboard; sourceTree = "<group>"; };
		1BEA7DD22329655200B13140 /* Info.plist */ = {isa = PBXFileReference; lastKnownFileType = text.plist.xml; path = Info.plist; sourceTree = "<group>"; };
		1BEA7DD72329655200B13140 /* CrudRealmTests.xctest */ = {isa = PBXFileReference; explicitFileType = wrapper.cfbundle; includeInIndex = 0; path = CrudRealmTests.xctest; sourceTree = BUILT_PRODUCTS_DIR; };
		1BEA7DDB2329655200B13140 /* CrudRealmTests.swift */ = {isa = PBXFileReference; lastKnownFileType = sourcecode.swift; path = CrudRealmTests.swift; sourceTree = "<group>"; };
		1BEA7DDD2329655200B13140 /* Info.plist */ = {isa = PBXFileReference; lastKnownFileType = text.plist.xml; path = Info.plist; sourceTree = "<group>"; };
		1BEA7DE6232967B800B13140 /* Person.swift */ = {isa = PBXFileReference; lastKnownFileType = sourcecode.swift; path = Person.swift; sourceTree = "<group>"; };
		1BEA7DE9232970E500B13140 /* View.swift */ = {isa = PBXFileReference; lastKnownFileType = sourcecode.swift; path = View.swift; sourceTree = "<group>"; };
		63BD1721CAEAA715BA0963D8 /* Pods_CrudRealm.framework */ = {isa = PBXFileReference; explicitFileType = wrapper.framework; includeInIndex = 0; path = Pods_CrudRealm.framework; sourceTree = BUILT_PRODUCTS_DIR; };
		70AAA5ABDB6B4E5B685C5D17 /* Pods_CrudRealmTests.framework */ = {isa = PBXFileReference; explicitFileType = wrapper.framework; includeInIndex = 0; path = Pods_CrudRealmTests.framework; sourceTree = BUILT_PRODUCTS_DIR; };
		AC77E354D011E8EE8359D061 /* Pods-CrudRealm.debug.xcconfig */ = {isa = PBXFileReference; includeInIndex = 1; lastKnownFileType = text.xcconfig; name = "Pods-CrudRealm.debug.xcconfig"; path = "Target Support Files/Pods-CrudRealm/Pods-CrudRealm.debug.xcconfig"; sourceTree = "<group>"; };
		B1D4A3D9D98DD9D9266FD561 /* Pods-CrudRealmTests.debug.xcconfig */ = {isa = PBXFileReference; includeInIndex = 1; lastKnownFileType = text.xcconfig; name = "Pods-CrudRealmTests.debug.xcconfig"; path = "Target Support Files/Pods-CrudRealmTests/Pods-CrudRealmTests.debug.xcconfig"; sourceTree = "<group>"; };
		CF043705B660E16E4469AAD8 /* Pods-CrudRealm.release.xcconfig */ = {isa = PBXFileReference; includeInIndex = 1; lastKnownFileType = text.xcconfig; name = "Pods-CrudRealm.release.xcconfig"; path = "Target Support Files/Pods-CrudRealm/Pods-CrudRealm.release.xcconfig"; sourceTree = "<group>"; };
		E12E45708B9B184526DABEF6 /* Pods-CrudRealmTests.release.xcconfig */ = {isa = PBXFileReference; includeInIndex = 1; lastKnownFileType = text.xcconfig; name = "Pods-CrudRealmTests.release.xcconfig"; path = "Target Support Files/Pods-CrudRealmTests/Pods-CrudRealmTests.release.xcconfig"; sourceTree = "<group>"; };
/* End PBXFileReference section */

/* Begin PBXFrameworksBuildPhase section */
		1BEA7DC02329654900B13140 /* Frameworks */ = {
			isa = PBXFrameworksBuildPhase;
			buildActionMask = 2147483647;
			files = (
				0491AE85E43ACE397D53B566 /* Pods_CrudRealm.framework in Frameworks */,
			);
			runOnlyForDeploymentPostprocessing = 0;
		};
		1BEA7DD42329655200B13140 /* Frameworks */ = {
			isa = PBXFrameworksBuildPhase;
			buildActionMask = 2147483647;
			files = (
				ADE06156B7AD8DD8C456927F /* Pods_CrudRealmTests.framework in Frameworks */,
			);
			runOnlyForDeploymentPostprocessing = 0;
		};
/* End PBXFrameworksBuildPhase section */

/* Begin PBXGroup section */
		1BEA7DBA2329654900B13140 = {
			isa = PBXGroup;
			children = (
				1BEA7DC52329654900B13140 /* CrudRealm */,
				1BEA7DDA2329655200B13140 /* CrudRealmTests */,
				1BEA7DC42329654900B13140 /* Products */,
				68867731502E63D7F183E2E3 /* Pods */,
				B07AEB482BD7F367B6C024F8 /* Frameworks */,
			);
			sourceTree = "<group>";
		};
		1BEA7DC42329654900B13140 /* Products */ = {
			isa = PBXGroup;
			children = (
				1BEA7DC32329654900B13140 /* CrudRealm.app */,
				1BEA7DD72329655200B13140 /* CrudRealmTests.xctest */,
			);
			name = Products;
			sourceTree = "<group>";
		};
		1BEA7DC52329654900B13140 /* CrudRealm */ = {
			isa = PBXGroup;
			children = (
				1BEA7DE8232970DA00B13140 /* Views */,
				1BEA7DC62329654900B13140 /* AppDelegate.swift */,
				1BEA7DC82329654900B13140 /* ViewController.swift */,
				1BEA7DCA2329654900B13140 /* Main.storyboard */,
				1BEA7DCD2329655200B13140 /* Assets.xcassets */,
				1BEA7DCF2329655200B13140 /* LaunchScreen.storyboard */,
				1BEA7DD22329655200B13140 /* Info.plist */,
				1BEA7DE6232967B800B13140 /* Person.swift */,
			);
			path = CrudRealm;
			sourceTree = "<group>";
		};
		1BEA7DDA2329655200B13140 /* CrudRealmTests */ = {
			isa = PBXGroup;
			children = (
				1BEA7DDB2329655200B13140 /* CrudRealmTests.swift */,
				1BEA7DDD2329655200B13140 /* Info.plist */,
			);
			path = CrudRealmTests;
			sourceTree = "<group>";
		};
		1BEA7DE8232970DA00B13140 /* Views */ = {
			isa = PBXGroup;
			children = (
				1BEA7DE9232970E500B13140 /* View.swift */,
			);
			path = Views;
			sourceTree = "<group>";
		};
		68867731502E63D7F183E2E3 /* Pods */ = {
			isa = PBXGroup;
			children = (
				AC77E354D011E8EE8359D061 /* Pods-CrudRealm.debug.xcconfig */,
				CF043705B660E16E4469AAD8 /* Pods-CrudRealm.release.xcconfig */,
				B1D4A3D9D98DD9D9266FD561 /* Pods-CrudRealmTests.debug.xcconfig */,
				E12E45708B9B184526DABEF6 /* Pods-CrudRealmTests.release.xcconfig */,
			);
			path = Pods;
			sourceTree = "<group>";
		};
		B07AEB482BD7F367B6C024F8 /* Frameworks */ = {
			isa = PBXGroup;
			children = (
				63BD1721CAEAA715BA0963D8 /* Pods_CrudRealm.framework */,
				70AAA5ABDB6B4E5B685C5D17 /* Pods_CrudRealmTests.framework */,
			);
			name = Frameworks;
			sourceTree = "<group>";
		};
/* End PBXGroup section */

/* Begin PBXNativeTarget section */
		1BEA7DC22329654900B13140 /* CrudRealm */ = {
			isa = PBXNativeTarget;
			buildConfigurationList = 1BEA7DE02329655200B13140 /* Build configuration list for PBXNativeTarget "CrudRealm" */;
			buildPhases = (
				B5A2BAF9AEF56FE76F3F3099 /* [CP] Check Pods Manifest.lock */,
				1BEA7DBF2329654900B13140 /* Sources */,
				1BEA7DC02329654900B13140 /* Frameworks */,
				1BEA7DC12329654900B13140 /* Resources */,
				3B326C8A6806741921373DFE /* [CP] Embed Pods Frameworks */,
			);
			buildRules = (
			);
			dependencies = (
			);
			name = CrudRealm;
			productName = CrudRealm;
			productReference = 1BEA7DC32329654900B13140 /* CrudRealm.app */;
			productType = "com.apple.product-type.application";
		};
		1BEA7DD62329655200B13140 /* CrudRealmTests */ = {
			isa = PBXNativeTarget;
			buildConfigurationList = 1BEA7DE32329655200B13140 /* Build configuration list for PBXNativeTarget "CrudRealmTests" */;
			buildPhases = (
				305F5D5D562339BA2FE38498 /* [CP] Check Pods Manifest.lock */,
				1BEA7DD32329655200B13140 /* Sources */,
				1BEA7DD42329655200B13140 /* Frameworks */,
				1BEA7DD52329655200B13140 /* Resources */,
			);
			buildRules = (
			);
			dependencies = (
				1BEA7DD92329655200B13140 /* PBXTargetDependency */,
			);
			name = CrudRealmTests;
			productName = CrudRealmTests;
			productReference = 1BEA7DD72329655200B13140 /* CrudRealmTests.xctest */;
			productType = "com.apple.product-type.bundle.unit-test";
		};
/* End PBXNativeTarget section */

/* Begin PBXProject section */
		1BEA7DBB2329654900B13140 /* Project object */ = {
			isa = PBXProject;
			attributes = {
				LastSwiftUpdateCheck = 1030;
				LastUpgradeCheck = 1030;
				ORGANIZATIONNAME = "Thiago Valente";
				TargetAttributes = {
					1BEA7DC22329654900B13140 = {
						CreatedOnToolsVersion = 10.3;
					};
					1BEA7DD62329655200B13140 = {
						CreatedOnToolsVersion = 10.3;
						TestTargetID = 1BEA7DC22329654900B13140;
					};
				};
			};
			buildConfigurationList = 1BEA7DBE2329654900B13140 /* Build configuration list for PBXProject "CrudRealm" */;
			compatibilityVersion = "Xcode 9.3";
			developmentRegion = en;
			hasScannedForEncodings = 0;
			knownRegions = (
				en,
				Base,
			);
			mainGroup = 1BEA7DBA2329654900B13140;
			productRefGroup = 1BEA7DC42329654900B13140 /* Products */;
			projectDirPath = "";
			projectRoot = "";
			targets = (
				1BEA7DC22329654900B13140 /* CrudRealm */,
				1BEA7DD62329655200B13140 /* CrudRealmTests */,
			);
		};
/* End PBXProject section */

/* Begin PBXResourcesBuildPhase section */
		1BEA7DC12329654900B13140 /* Resources */ = {
			isa = PBXResourcesBuildPhase;
			buildActionMask = 2147483647;
			files = (
				1BEA7DD12329655200B13140 /* LaunchScreen.storyboard in Resources */,
				1BEA7DCE2329655200B13140 /* Assets.xcassets in Resources */,
				1BEA7DCC2329654900B13140 /* Main.storyboard in Resources */,
			);
			runOnlyForDeploymentPostprocessing = 0;
		};
		1BEA7DD52329655200B13140 /* Resources */ = {
			isa = PBXResourcesBuildPhase;
			buildActionMask = 2147483647;
			files = (
			);
			runOnlyForDeploymentPostprocessing = 0;
		};
/* End PBXResourcesBuildPhase section */

/* Begin PBXShellScriptBuildPhase section */
		305F5D5D562339BA2FE38498 /* [CP] Check Pods Manifest.lock */ = {
			isa = PBXShellScriptBuildPhase;
			buildActionMask = 2147483647;
			files = (
			);
			inputFileListPaths = (
			);
			inputPaths = (
				"${PODS_PODFILE_DIR_PATH}/Podfile.lock",
				"${PODS_ROOT}/Manifest.lock",
			);
			name = "[CP] Check Pods Manifest.lock";
			outputFileListPaths = (
			);
			outputPaths = (
				"$(DERIVED_FILE_DIR)/Pods-CrudRealmTests-checkManifestLockResult.txt",
			);
			runOnlyForDeploymentPostprocessing = 0;
			shellPath = /bin/sh;
			shellScript = "diff \"${PODS_PODFILE_DIR_PATH}/Podfile.lock\" \"${PODS_ROOT}/Manifest.lock\" > /dev/null\nif [ $? != 0 ] ; then\n    # print error to STDERR\n    echo \"error: The sandbox is not in sync with the Podfile.lock. Run 'pod install' or update your CocoaPods installation.\" >&2\n    exit 1\nfi\n# This output is used by Xcode 'outputs' to avoid re-running this script phase.\necho \"SUCCESS\" > \"${SCRIPT_OUTPUT_FILE_0}\"\n";
			showEnvVarsInLog = 0;
		};
		3B326C8A6806741921373DFE /* [CP] Embed Pods Frameworks */ = {
			isa = PBXShellScriptBuildPhase;
			buildActionMask = 2147483647;
			files = (
			);
			inputFileListPaths = (
				"${PODS_ROOT}/Target Support Files/Pods-CrudRealm/Pods-CrudRealm-frameworks-${CONFIGURATION}-input-files.xcfilelist",
			);
			name = "[CP] Embed Pods Frameworks";
			outputFileListPaths = (
				"${PODS_ROOT}/Target Support Files/Pods-CrudRealm/Pods-CrudRealm-frameworks-${CONFIGURATION}-output-files.xcfilelist",
			);
			runOnlyForDeploymentPostprocessing = 0;
			shellPath = /bin/sh;
			shellScript = "\"${PODS_ROOT}/Target Support Files/Pods-CrudRealm/Pods-CrudRealm-frameworks.sh\"\n";
			showEnvVarsInLog = 0;
		};
		B5A2BAF9AEF56FE76F3F3099 /* [CP] Check Pods Manifest.lock */ = {
			isa = PBXShellScriptBuildPhase;
			buildActionMask = 2147483647;
			files = (
			);
			inputFileListPaths = (
			);
			inputPaths = (
				"${PODS_PODFILE_DIR_PATH}/Podfile.lock",
				"${PODS_ROOT}/Manifest.lock",
			);
			name = "[CP] Check Pods Manifest.lock";
			outputFileListPaths = (
			);
			outputPaths = (
				"$(DERIVED_FILE_DIR)/Pods-CrudRealm-checkManifestLockResult.txt",
			);
			runOnlyForDeploymentPostprocessing = 0;
			shellPath = /bin/sh;
			shellScript = "diff \"${PODS_PODFILE_DIR_PATH}/Podfile.lock\" \"${PODS_ROOT}/Manifest.lock\" > /dev/null\nif [ $? != 0 ] ; then\n    # print error to STDERR\n    echo \"error: The sandbox is not in sync with the Podfile.lock. Run 'pod install' or update your CocoaPods installation.\" >&2\n    exit 1\nfi\n# This output is used by Xcode 'outputs' to avoid re-running this script phase.\necho \"SUCCESS\" > \"${SCRIPT_OUTPUT_FILE_0}\"\n";
			showEnvVarsInLog = 0;
		};
/* End PBXShellScriptBuildPhase section */

/* Begin PBXSourcesBuildPhase section */
		1BEA7DBF2329654900B13140 /* Sources */ = {
			isa = PBXSourcesBuildPhase;
			buildActionMask = 2147483647;
			files = (
				1BEA7DEA232970E500B13140 /* View.swift in Sources */,
				1BEA7DE7232967B800B13140 /* Person.swift in Sources */,
				1BEA7DC92329654900B13140 /* ViewController.swift in Sources */,
				1BEA7DC72329654900B13140 /* AppDelegate.swift in Sources */,
			);
			runOnlyForDeploymentPostprocessing = 0;
		};
		1BEA7DD32329655200B13140 /* Sources */ = {
			isa = PBXSourcesBuildPhase;
			buildActionMask = 2147483647;
			files = (
				1BEA7DDC2329655200B13140 /* CrudRealmTests.swift in Sources */,
			);
			runOnlyForDeploymentPostprocessing = 0;
		};
/* End PBXSourcesBuildPhase section */

/* Begin PBXTargetDependency section */
		1BEA7DD92329655200B13140 /* PBXTargetDependency */ = {
			isa = PBXTargetDependency;
			target = 1BEA7DC22329654900B13140 /* CrudRealm */;
			targetProxy = 1BEA7DD82329655200B13140 /* PBXContainerItemProxy */;
		};
/* End PBXTargetDependency section */

/* Begin PBXVariantGroup section */
		1BEA7DCA2329654900B13140 /* Main.storyboard */ = {
			isa = PBXVariantGroup;
			children = (
				1BEA7DCB2329654900B13140 /* Base */,
			);
			name = Main.storyboard;
			sourceTree = "<group>";
		};
		1BEA7DCF2329655200B13140 /* LaunchScreen.storyboard */ = {
			isa = PBXVariantGroup;
			children = (
				1BEA7DD02329655200B13140 /* Base */,
			);
			name = LaunchScreen.storyboard;
			sourceTree = "<group>";
		};
/* End PBXVariantGroup section */

/* Begin XCBuildConfiguration section */
		1BEA7DDE2329655200B13140 /* Debug */ = {
			isa = XCBuildConfiguration;
			buildSettings = {
				ALWAYS_SEARCH_USER_PATHS = NO;
				CLANG_ANALYZER_NONNULL = YES;
				CLANG_ANALYZER_NUMBER_OBJECT_CONVERSION = YES_AGGRESSIVE;
				CLANG_CXX_LANGUAGE_STANDARD = "gnu++14";
				CLANG_CXX_LIBRARY = "libc++";
				CLANG_ENABLE_MODULES = YES;
				CLANG_ENABLE_OBJC_ARC = YES;
				CLANG_ENABLE_OBJC_WEAK = YES;
				CLANG_WARN_BLOCK_CAPTURE_AUTORELEASING = YES;
				CLANG_WARN_BOOL_CONVERSION = YES;
				CLANG_WARN_COMMA = YES;
				CLANG_WARN_CONSTANT_CONVERSION = YES;
				CLANG_WARN_DEPRECATED_OBJC_IMPLEMENTATIONS = YES;
				CLANG_WARN_DIRECT_OBJC_ISA_USAGE = YES_ERROR;
				CLANG_WARN_DOCUMENTATION_COMMENTS = YES;
				CLANG_WARN_EMPTY_BODY = YES;
				CLANG_WARN_ENUM_CONVERSION = YES;
				CLANG_WARN_INFINITE_RECURSION = YES;
				CLANG_WARN_INT_CONVERSION = YES;
				CLANG_WARN_NON_LITERAL_NULL_CONVERSION = YES;
				CLANG_WARN_OBJC_IMPLICIT_RETAIN_SELF = YES;
				CLANG_WARN_OBJC_LITERAL_CONVERSION = YES;
				CLANG_WARN_OBJC_ROOT_CLASS = YES_ERROR;
				CLANG_WARN_RANGE_LOOP_ANALYSIS = YES;
				CLANG_WARN_STRICT_PROTOTYPES = YES;
				CLANG_WARN_SUSPICIOUS_MOVE = YES;
				CLANG_WARN_UNGUARDED_AVAILABILITY = YES_AGGRESSIVE;
				CLANG_WARN_UNREACHABLE_CODE = YES;
				CLANG_WARN__DUPLICATE_METHOD_MATCH = YES;
				CODE_SIGN_IDENTITY = "iPhone Developer";
				COPY_PHASE_STRIP = NO;
				DEBUG_INFORMATION_FORMAT = dwarf;
				ENABLE_STRICT_OBJC_MSGSEND = YES;
				ENABLE_TESTABILITY = YES;
				GCC_C_LANGUAGE_STANDARD = gnu11;
				GCC_DYNAMIC_NO_PIC = NO;
				GCC_NO_COMMON_BLOCKS = YES;
				GCC_OPTIMIZATION_LEVEL = 0;
				GCC_PREPROCESSOR_DEFINITIONS = (
					"DEBUG=1",
					"$(inherited)",
				);
				GCC_WARN_64_TO_32_BIT_CONVERSION = YES;
				GCC_WARN_ABOUT_RETURN_TYPE = YES_ERROR;
				GCC_WARN_UNDECLARED_SELECTOR = YES;
				GCC_WARN_UNINITIALIZED_AUTOS = YES_AGGRESSIVE;
				GCC_WARN_UNUSED_FUNCTION = YES;
				GCC_WARN_UNUSED_VARIABLE = YES;
				IPHONEOS_DEPLOYMENT_TARGET = 12.4;
				MTL_ENABLE_DEBUG_INFO = INCLUDE_SOURCE;
				MTL_FAST_MATH = YES;
				ONLY_ACTIVE_ARCH = YES;
				SDKROOT = iphoneos;
				SWIFT_ACTIVE_COMPILATION_CONDITIONS = DEBUG;
				SWIFT_OPTIMIZATION_LEVEL = "-Onone";
			};
			name = Debug;
		};
		1BEA7DDF2329655200B13140 /* Release */ = {
			isa = XCBuildConfiguration;
			buildSettings = {
				ALWAYS_SEARCH_USER_PATHS = NO;
				CLANG_ANALYZER_NONNULL = YES;
				CLANG_ANALYZER_NUMBER_OBJECT_CONVERSION = YES_AGGRESSIVE;
				CLANG_CXX_LANGUAGE_STANDARD = "gnu++14";
				CLANG_CXX_LIBRARY = "libc++";
				CLANG_ENABLE_MODULES = YES;
				CLANG_ENABLE_OBJC_ARC = YES;
				CLANG_ENABLE_OBJC_WEAK = YES;
				CLANG_WARN_BLOCK_CAPTURE_AUTORELEASING = YES;
				CLANG_WARN_BOOL_CONVERSION = YES;
				CLANG_WARN_COMMA = YES;
				CLANG_WARN_CONSTANT_CONVERSION = YES;
				CLANG_WARN_DEPRECATED_OBJC_IMPLEMENTATIONS = YES;
				CLANG_WARN_DIRECT_OBJC_ISA_USAGE = YES_ERROR;
				CLANG_WARN_DOCUMENTATION_COMMENTS = YES;
				CLANG_WARN_EMPTY_BODY = YES;
				CLANG_WARN_ENUM_CONVERSION = YES;
				CLANG_WARN_INFINITE_RECURSION = YES;
				CLANG_WARN_INT_CONVERSION = YES;
				CLANG_WARN_NON_LITERAL_NULL_CONVERSION = YES;
				CLANG_WARN_OBJC_IMPLICIT_RETAIN_SELF = YES;
				CLANG_WARN_OBJC_LITERAL_CONVERSION = YES;
				CLANG_WARN_OBJC_ROOT_CLASS = YES_ERROR;
				CLANG_WARN_RANGE_LOOP_ANALYSIS = YES;
				CLANG_WARN_STRICT_PROTOTYPES = YES;
				CLANG_WARN_SUSPICIOUS_MOVE = YES;
				CLANG_WARN_UNGUARDED_AVAILABILITY = YES_AGGRESSIVE;
				CLANG_WARN_UNREACHABLE_CODE = YES;
				CLANG_WARN__DUPLICATE_METHOD_MATCH = YES;
				CODE_SIGN_IDENTITY = "iPhone Developer";
				COPY_PHASE_STRIP = NO;
				DEBUG_INFORMATION_FORMAT = "dwarf-with-dsym";
				ENABLE_NS_ASSERTIONS = NO;
				ENABLE_STRICT_OBJC_MSGSEND = YES;
				GCC_C_LANGUAGE_STANDARD = gnu11;
				GCC_NO_COMMON_BLOCKS = YES;
				GCC_WARN_64_TO_32_BIT_CONVERSION = YES;
				GCC_WARN_ABOUT_RETURN_TYPE = YES_ERROR;
				GCC_WARN_UNDECLARED_SELECTOR = YES;
				GCC_WARN_UNINITIALIZED_AUTOS = YES_AGGRESSIVE;
				GCC_WARN_UNUSED_FUNCTION = YES;
				GCC_WARN_UNUSED_VARIABLE = YES;
				IPHONEOS_DEPLOYMENT_TARGET = 12.4;
				MTL_ENABLE_DEBUG_INFO = NO;
				MTL_FAST_MATH = YES;
				SDKROOT = iphoneos;
				SWIFT_COMPILATION_MODE = wholemodule;
				SWIFT_OPTIMIZATION_LEVEL = "-O";
				VALIDATE_PRODUCT = YES;
			};
			name = Release;
		};
		1BEA7DE12329655200B13140 /* Debug */ = {
			isa = XCBuildConfiguration;
			baseConfigurationReference = AC77E354D011E8EE8359D061 /* Pods-CrudRealm.debug.xcconfig */;
			buildSettings = {
				ASSETCATALOG_COMPILER_APPICON_NAME = AppIcon;
				CODE_SIGN_STYLE = Automatic;
				DEVELOPMENT_TEAM = 8UG5N7U4RW;
				INFOPLIST_FILE = CrudRealm/Info.plist;
				LD_RUNPATH_SEARCH_PATHS = (
					"$(inherited)",
					"@executable_path/Frameworks",
				);
				PRODUCT_BUNDLE_IDENTIFIER = com.thiivalente.CrudRealm;
				PRODUCT_NAME = "$(TARGET_NAME)";
				SWIFT_VERSION = 5.0;
				TARGETED_DEVICE_FAMILY = "1,2";
			};
			name = Debug;
		};
		1BEA7DE22329655200B13140 /* Release */ = {
			isa = XCBuildConfiguration;
			baseConfigurationReference = CF043705B660E16E4469AAD8 /* Pods-CrudRealm.release.xcconfig */;
			buildSettings = {
				ASSETCATALOG_COMPILER_APPICON_NAME = AppIcon;
				CODE_SIGN_STYLE = Automatic;
				DEVELOPMENT_TEAM = 8UG5N7U4RW;
				INFOPLIST_FILE = CrudRealm/Info.plist;
				LD_RUNPATH_SEARCH_PATHS = (
					"$(inherited)",
					"@executable_path/Frameworks",
				);
				PRODUCT_BUNDLE_IDENTIFIER = com.thiivalente.CrudRealm;
				PRODUCT_NAME = "$(TARGET_NAME)";
				SWIFT_VERSION = 5.0;
				TARGETED_DEVICE_FAMILY = "1,2";
			};
			name = Release;
		};
		1BEA7DE42329655200B13140 /* Debug */ = {
			isa = XCBuildConfiguration;
			baseConfigurationReference = B1D4A3D9D98DD9D9266FD561 /* Pods-CrudRealmTests.debug.xcconfig */;
			buildSettings = {
				ALWAYS_EMBED_SWIFT_STANDARD_LIBRARIES = YES;
				BUNDLE_LOADER = "$(TEST_HOST)";
				CODE_SIGN_STYLE = Automatic;
				DEVELOPMENT_TEAM = 8UG5N7U4RW;
				INFOPLIST_FILE = CrudRealmTests/Info.plist;
				LD_RUNPATH_SEARCH_PATHS = (
					"$(inherited)",
					"@executable_path/Frameworks",
					"@loader_path/Frameworks",
				);
				PRODUCT_BUNDLE_IDENTIFIER = com.thiivalente.CrudRealmTests;
				PRODUCT_NAME = "$(TARGET_NAME)";
				SWIFT_VERSION = 5.0;
				TARGETED_DEVICE_FAMILY = "1,2";
				TEST_HOST = "$(BUILT_PRODUCTS_DIR)/CrudRealm.app/CrudRealm";
			};
			name = Debug;
		};
		1BEA7DE52329655200B13140 /* Release */ = {
			isa = XCBuildConfiguration;
			baseConfigurationReference = E12E45708B9B184526DABEF6 /* Pods-CrudRealmTests.release.xcconfig */;
			buildSettings = {
				ALWAYS_EMBED_SWIFT_STANDARD_LIBRARIES = YES;
				BUNDLE_LOADER = "$(TEST_HOST)";
				CODE_SIGN_STYLE = Automatic;
				DEVELOPMENT_TEAM = 8UG5N7U4RW;
				INFOPLIST_FILE = CrudRealmTests/Info.plist;
				LD_RUNPATH_SEARCH_PATHS = (
					"$(inherited)",
					"@executable_path/Frameworks",
					"@loader_path/Frameworks",
				);
				PRODUCT_BUNDLE_IDENTIFIER = com.thiivalente.CrudRealmTests;
				PRODUCT_NAME = "$(TARGET_NAME)";
				SWIFT_VERSION = 5.0;
				TARGETED_DEVICE_FAMILY = "1,2";
				TEST_HOST = "$(BUILT_PRODUCTS_DIR)/CrudRealm.app/CrudRealm";
			};
			name = Release;
		};
/* End XCBuildConfiguration section */

/* Begin XCConfigurationList section */
		1BEA7DBE2329654900B13140 /* Build configuration list for PBXProject "CrudRealm" */ = {
			isa = XCConfigurationList;
			buildConfigurations = (
				1BEA7DDE2329655200B13140 /* Debug */,
				1BEA7DDF2329655200B13140 /* Release */,
			);
			defaultConfigurationIsVisible = 0;
			defaultConfigurationName = Release;
		};
		1BEA7DE02329655200B13140 /* Build configuration list for PBXNativeTarget "CrudRealm" */ = {
			isa = XCConfigurationList;
			buildConfigurations = (
				1BEA7DE12329655200B13140 /* Debug */,
				1BEA7DE22329655200B13140 /* Release */,
			);
			defaultConfigurationIsVisible = 0;
			defaultConfigurationName = Release;
		};
		1BEA7DE32329655200B13140 /* Build configuration list for PBXNativeTarget "CrudRealmTests" */ = {
			isa = XCConfigurationList;
			buildConfigurations = (
				1BEA7DE42329655200B13140 /* Debug */,
				1BEA7DE52329655200B13140 /* Release */,
			);
			defaultConfigurationIsVisible = 0;
			defaultConfigurationName = Release;
		};
/* End XCConfigurationList section */
	};
	rootObject = 1BEA7DBB2329654900B13140 /* Project object */;
}
